
Microsoft Visual Studio Solution File, Format Version 12.00
# Visual Studio Version 17
VisualStudioVersion = 17.3.32922.545
MinimumVisualStudioVersion = 10.0.40219.1
Project("{9A19103F-16F7-4668-BE54-9A1E7A4F7556}") = "OrderRev", "Login_Test\OrderRev.csproj", "{02FD53D5-9566-407D-85BF-3E4D8CE4BCE2}"
EndProject
Global
	GlobalSection(SolutionConfigurationPlatforms) = preSolution
		Debug|Any CPU = Debug|Any CPU
		Release|Any CPU = Release|Any CPU
	EndGlobalSection
	GlobalSection(ProjectConfigurationPlatforms) = postSolution
		{02FD53D5-9566-407D-85BF-3E4D8CE4BCE2}.Debug|Any CPU.ActiveCfg = Debug|Any CPU
		{02FD53D5-9566-407D-85BF-3E4D8CE4BCE2}.Debug|Any CPU.Build.0 = Debug|Any CPU
		{02FD53D5-9566-407D-85BF-3E4D8CE4BCE2}.Release|Any CPU.ActiveCfg = Release|Any CPU
		{02FD53D5-9566-407D-85BF-3E4D8CE4BCE2}.Release|Any CPU.Build.0 = Release|Any CPU
	EndGlobalSection
	GlobalSection(SolutionProperties) = preSolution
		HideSolutionNode = FALSE
	EndGlobalSection
	GlobalSection(ExtensibilityGlobals) = postSolution
		SolutionGuid = {D93AA483-8FC1-4913-B072-B5C5492C22AE}
	EndGlobalSection
EndGlobal
